// !$*UTF8*$!
{
	archiveVersion = 1;
	classes = {
	};
	objectVersion = 56;
	objects = {

/* Begin PBXBuildFile section */
		677F01C92C76F1BA00366811 /* BubbleSort.cpp in Sources */ = {isa = PBXBuildFile; fileRef = 677F01BF2C76F1BA00366811 /* BubbleSort.cpp */; };
		677F01CA2C76F1BA00366811 /* HeapSort.cpp in Sources */ = {isa = PBXBuildFile; fileRef = 677F01C02C76F1BA00366811 /* HeapSort.cpp */; };
		677F01CB2C76F1BA00366811 /* InsertionSort.cpp in Sources */ = {isa = PBXBuildFile; fileRef = 677F01C12C76F1BA00366811 /* InsertionSort.cpp */; };
		677F01CC2C76F1BA00366811 /* main.cpp in Sources */ = {isa = PBXBuildFile; fileRef = 677F01C22C76F1BA00366811 /* main.cpp */; };
		677F01CD2C76F1BA00366811 /* MergeSort.cpp in Sources */ = {isa = PBXBuildFile; fileRef = 677F01C32C76F1BA00366811 /* MergeSort.cpp */; };
		677F01CE2C76F1BA00366811 /* QuickSort.cpp in Sources */ = {isa = PBXBuildFile; fileRef = 677F01C42C76F1BA00366811 /* QuickSort.cpp */; };
		677F01CF2C76F1BA00366811 /* RadixSort.cpp in Sources */ = {isa = PBXBuildFile; fileRef = 677F01C52C76F1BA00366811 /* RadixSort.cpp */; };
		677F01D02C76F1BA00366811 /* SelectionSort.cpp in Sources */ = {isa = PBXBuildFile; fileRef = 677F01C62C76F1BA00366811 /* SelectionSort.cpp */; };
		677F01D12C76F1BA00366811 /* Sorter.cpp in Sources */ = {isa = PBXBuildFile; fileRef = 677F01C72C76F1BA00366811 /* Sorter.cpp */; };
/* End PBXBuildFile section */

/* Begin PBXCopyFilesBuildPhase section */
		677F01A92C76F17B00366811 /* CopyFiles */ = {
			isa = PBXCopyFilesBuildPhase;
			buildActionMask = 2147483647;
			dstPath = /usr/share/man/man1/;
			dstSubfolderSpec = 0;
			files = (
			);
			runOnlyForDeploymentPostprocessing = 1;
		};
/* End PBXCopyFilesBuildPhase section */

/* Begin PBXFileReference section */
		677F01AB2C76F17B00366811 /* sortNumbers */ = {isa = PBXFileReference; explicitFileType = "compiled.mach-o.executable"; includeInIndex = 0; path = sortNumbers; sourceTree = BUILT_PRODUCTS_DIR; };
		677F01B52C76F1B000366811 /* BubbleSort.h */ = {isa = PBXFileReference; fileEncoding = 4; lastKnownFileType = sourcecode.c.h; path = BubbleSort.h; sourceTree = "<group>"; };
		677F01B62C76F1B000366811 /* HeapSort.h */ = {isa = PBXFileReference; fileEncoding = 4; lastKnownFileType = sourcecode.c.h; path = HeapSort.h; sourceTree = "<group>"; };
		677F01B72C76F1B000366811 /* InsertionSort.h */ = {isa = PBXFileReference; fileEncoding = 4; lastKnownFileType = sourcecode.c.h; path = InsertionSort.h; sourceTree = "<group>"; };
		677F01B82C76F1B000366811 /* MergeSort.h */ = {isa = PBXFileReference; fileEncoding = 4; lastKnownFileType = sourcecode.c.h; path = MergeSort.h; sourceTree = "<group>"; };
		677F01B92C76F1B000366811 /* PickSortingMethodInterface.h */ = {isa = PBXFileReference; fileEncoding = 4; lastKnownFileType = sourcecode.c.h; path = PickSortingMethodInterface.h; sourceTree = "<group>"; };
		677F01BA2C76F1B000366811 /* QuickSort.h */ = {isa = PBXFileReference; fileEncoding = 4; lastKnownFileType = sourcecode.c.h; path = QuickSort.h; sourceTree = "<group>"; };
		677F01BB2C76F1B000366811 /* RadixSort.h */ = {isa = PBXFileReference; fileEncoding = 4; lastKnownFileType = sourcecode.c.h; path = RadixSort.h; sourceTree = "<group>"; };
		677F01BC2C76F1B000366811 /* SelectionSort.h */ = {isa = PBXFileReference; fileEncoding = 4; lastKnownFileType = sourcecode.c.h; path = SelectionSort.h; sourceTree = "<group>"; };
		677F01BD2C76F1B000366811 /* Sorter.h */ = {isa = PBXFileReference; fileEncoding = 4; lastKnownFileType = sourcecode.c.h; path = Sorter.h; sourceTree = "<group>"; };
		677F01BF2C76F1BA00366811 /* BubbleSort.cpp */ = {isa = PBXFileReference; fileEncoding = 4; lastKnownFileType = sourcecode.cpp.cpp; path = BubbleSort.cpp; sourceTree = "<group>"; };
		677F01C02C76F1BA00366811 /* HeapSort.cpp */ = {isa = PBXFileReference; fileEncoding = 4; lastKnownFileType = sourcecode.cpp.cpp; path = HeapSort.cpp; sourceTree = "<group>"; };
		677F01C12C76F1BA00366811 /* InsertionSort.cpp */ = {isa = PBXFileReference; fileEncoding = 4; lastKnownFileType = sourcecode.cpp.cpp; path = InsertionSort.cpp; sourceTree = "<group>"; };
		677F01C22C76F1BA00366811 /* main.cpp */ = {isa = PBXFileReference; fileEncoding = 4; lastKnownFileType = sourcecode.cpp.cpp; path = main.cpp; sourceTree = "<group>"; };
		677F01C32C76F1BA00366811 /* MergeSort.cpp */ = {isa = PBXFileReference; fileEncoding = 4; lastKnownFileType = sourcecode.cpp.cpp; path = MergeSort.cpp; sourceTree = "<group>"; };
		677F01C42C76F1BA00366811 /* QuickSort.cpp */ = {isa = PBXFileReference; fileEncoding = 4; lastKnownFileType = sourcecode.cpp.cpp; path = QuickSort.cpp; sourceTree = "<group>"; };
		677F01C52C76F1BA00366811 /* RadixSort.cpp */ = {isa = PBXFileReference; fileEncoding = 4; lastKnownFileType = sourcecode.cpp.cpp; path = RadixSort.cpp; sourceTree = "<group>"; };
		677F01C62C76F1BA00366811 /* SelectionSort.cpp */ = {isa = PBXFileReference; fileEncoding = 4; lastKnownFileType = sourcecode.cpp.cpp; path = SelectionSort.cpp; sourceTree = "<group>"; };
		677F01C72C76F1BA00366811 /* Sorter.cpp */ = {isa = PBXFileReference; fileEncoding = 4; lastKnownFileType = sourcecode.cpp.cpp; path = Sorter.cpp; sourceTree = "<group>"; };
/* End PBXFileReference section */

/* Begin PBXFrameworksBuildPhase section */
		677F01A82C76F17B00366811 /* Frameworks */ = {
			isa = PBXFrameworksBuildPhase;
			buildActionMask = 2147483647;
			files = (
			);
			runOnlyForDeploymentPostprocessing = 0;
		};
/* End PBXFrameworksBuildPhase section */

/* Begin PBXGroup section */
		677F01A22C76F17B00366811 = {
			isa = PBXGroup;
			children = (
				677F01AD2C76F17B00366811 /* sortNumbers */,
				677F01AC2C76F17B00366811 /* Products */,
			);
			sourceTree = "<group>";
		};
		677F01AC2C76F17B00366811 /* Products */ = {
			isa = PBXGroup;
			children = (
				677F01AB2C76F17B00366811 /* sortNumbers */,
			);
			name = Products;
			sourceTree = "<group>";
		};
		677F01AD2C76F17B00366811 /* sortNumbers */ = {
			isa = PBXGroup;
			children = (
				677F01BE2C76F1B000366811 /* include */,
				677F01C82C76F1BA00366811 /* src */,
			);
			path = sortNumbers;
			sourceTree = "<group>";
		};
		677F01BE2C76F1B000366811 /* include */ = {
			isa = PBXGroup;
			children = (
				677F01B52C76F1B000366811 /* BubbleSort.h */,
				677F01B62C76F1B000366811 /* HeapSort.h */,
				677F01B72C76F1B000366811 /* InsertionSort.h */,
				677F01B82C76F1B000366811 /* MergeSort.h */,
				677F01B92C76F1B000366811 /* PickSortingMethodInterface.h */,
				677F01BA2C76F1B000366811 /* QuickSort.h */,
				677F01BB2C76F1B000366811 /* RadixSort.h */,
				677F01BC2C76F1B000366811 /* SelectionSort.h */,
				677F01BD2C76F1B000366811 /* Sorter.h */,
			);
			path = include;
			sourceTree = "<group>";
		};
		677F01C82C76F1BA00366811 /* src */ = {
			isa = PBXGroup;
			children = (
				677F01BF2C76F1BA00366811 /* BubbleSort.cpp */,
				677F01C02C76F1BA00366811 /* HeapSort.cpp */,
				677F01C12C76F1BA00366811 /* InsertionSort.cpp */,
				677F01C22C76F1BA00366811 /* main.cpp */,
				677F01C32C76F1BA00366811 /* MergeSort.cpp */,
				677F01C42C76F1BA00366811 /* QuickSort.cpp */,
				677F01C52C76F1BA00366811 /* RadixSort.cpp */,
				677F01C62C76F1BA00366811 /* SelectionSort.cpp */,
				677F01C72C76F1BA00366811 /* Sorter.cpp */,
			);
			path = src;
			sourceTree = "<group>";
		};
/* End PBXGroup section */

/* Begin PBXNativeTarget section */
		677F01AA2C76F17B00366811 /* sortNumbers */ = {
			isa = PBXNativeTarget;
			buildConfigurationList = 677F01B22C76F17B00366811 /* Build configuration list for PBXNativeTarget "sortNumbers" */;
			buildPhases = (
				677F01A72C76F17B00366811 /* Sources */,
				677F01A82C76F17B00366811 /* Frameworks */,
				677F01A92C76F17B00366811 /* CopyFiles */,
			);
			buildRules = (
			);
			dependencies = (
			);
			name = sortNumbers;
			productName = sortNumbers;
			productReference = 677F01AB2C76F17B00366811 /* sortNumbers */;
			productType = "com.apple.product-type.tool";
		};
/* End PBXNativeTarget section */

/* Begin PBXProject section */
		677F01A32C76F17B00366811 /* Project object */ = {
			isa = PBXProject;
			attributes = {
				BuildIndependentTargetsInParallel = 1;
				LastUpgradeCheck = 1540;
				TargetAttributes = {
					677F01AA2C76F17B00366811 = {
						CreatedOnToolsVersion = 15.4;
					};
				};
			};
			buildConfigurationList = 677F01A62C76F17B00366811 /* Build configuration list for PBXProject "sortNumbers" */;
			compatibilityVersion = "Xcode 14.0";
			developmentRegion = en;
			hasScannedForEncodings = 0;
			knownRegions = (
				en,
				Base,
			);
			mainGroup = 677F01A22C76F17B00366811;
			productRefGroup = 677F01AC2C76F17B00366811 /* Products */;
			projectDirPath = "";
			projectRoot = "";
			targets = (
				677F01AA2C76F17B00366811 /* sortNumbers */,
			);
		};
/* End PBXProject section */

/* Begin PBXSourcesBuildPhase section */
		677F01A72C76F17B00366811 /* Sources */ = {
			isa = PBXSourcesBuildPhase;
			buildActionMask = 2147483647;
			files = (
				677F01D02C76F1BA00366811 /* SelectionSort.cpp in Sources */,
				677F01CF2C76F1BA00366811 /* RadixSort.cpp in Sources */,
				677F01C92C76F1BA00366811 /* BubbleSort.cpp in Sources */,
				677F01CE2C76F1BA00366811 /* QuickSort.cpp in Sources */,
				677F01CA2C76F1BA00366811 /* HeapSort.cpp in Sources */,
				677F01CC2C76F1BA00366811 /* main.cpp in Sources */,
				677F01CD2C76F1BA00366811 /* MergeSort.cpp in Sources */,
				677F01CB2C76F1BA00366811 /* InsertionSort.cpp in Sources */,
				677F01D12C76F1BA00366811 /* Sorter.cpp in Sources */,
			);
			runOnlyForDeploymentPostprocessing = 0;
		};
/* End PBXSourcesBuildPhase section */

/* Begin XCBuildConfiguration section */
		677F01B02C76F17B00366811 /* Debug */ = {
			isa = XCBuildConfiguration;
			buildSettings = {
				ALWAYS_SEARCH_USER_PATHS = NO;
				ASSETCATALOG_COMPILER_GENERATE_SWIFT_ASSET_SYMBOL_EXTENSIONS = YES;
				CLANG_ANALYZER_NONNULL = YES;
				CLANG_ANALYZER_NUMBER_OBJECT_CONVERSION = YES_AGGRESSIVE;
				CLANG_CXX_LANGUAGE_STANDARD = "gnu++20";
				CLANG_ENABLE_MODULES = YES;
				CLANG_ENABLE_OBJC_ARC = YES;
				CLANG_ENABLE_OBJC_WEAK = YES;
				CLANG_WARN_BLOCK_CAPTURE_AUTORELEASING = YES;
				CLANG_WARN_BOOL_CONVERSION = YES;
				CLANG_WARN_COMMA = YES;
				CLANG_WARN_CONSTANT_CONVERSION = YES;
				CLANG_WARN_DEPRECATED_OBJC_IMPLEMENTATIONS = YES;
				CLANG_WARN_DIRECT_OBJC_ISA_USAGE = YES_ERROR;
				CLANG_WARN_DOCUMENTATION_COMMENTS = YES;
				CLANG_WARN_EMPTY_BODY = YES;
				CLANG_WARN_ENUM_CONVERSION = YES;
				CLANG_WARN_INFINITE_RECURSION = YES;
				CLANG_WARN_INT_CONVERSION = YES;
				CLANG_WARN_NON_LITERAL_NULL_CONVERSION = YES;
				CLANG_WARN_OBJC_IMPLICIT_RETAIN_SELF = YES;
				CLANG_WARN_OBJC_LITERAL_CONVERSION = YES;
				CLANG_WARN_OBJC_ROOT_CLASS = YES_ERROR;
				CLANG_WARN_QUOTED_INCLUDE_IN_FRAMEWORK_HEADER = YES;
				CLANG_WARN_RANGE_LOOP_ANALYSIS = YES;
				CLANG_WARN_STRICT_PROTOTYPES = YES;
				CLANG_WARN_SUSPICIOUS_MOVE = YES;
				CLANG_WARN_UNGUARDED_AVAILABILITY = YES_AGGRESSIVE;
				CLANG_WARN_UNREACHABLE_CODE = YES;
				CLANG_WARN__DUPLICATE_METHOD_MATCH = YES;
				COPY_PHASE_STRIP = NO;
				DEBUG_INFORMATION_FORMAT = dwarf;
				ENABLE_STRICT_OBJC_MSGSEND = YES;
				ENABLE_TESTABILITY = YES;
				ENABLE_USER_SCRIPT_SANDBOXING = YES;
				GCC_C_LANGUAGE_STANDARD = gnu17;
				GCC_DYNAMIC_NO_PIC = NO;
				GCC_NO_COMMON_BLOCKS = YES;
				GCC_OPTIMIZATION_LEVEL = 0;
				GCC_PREPROCESSOR_DEFINITIONS = (
					"DEBUG=1",
					"$(inherited)",
				);
				GCC_WARN_64_TO_32_BIT_CONVERSION = YES;
				GCC_WARN_ABOUT_RETURN_TYPE = YES_ERROR;
				GCC_WARN_UNDECLARED_SELECTOR = YES;
				GCC_WARN_UNINITIALIZED_AUTOS = YES_AGGRESSIVE;
				GCC_WARN_UNUSED_FUNCTION = YES;
				GCC_WARN_UNUSED_VARIABLE = YES;
				LOCALIZATION_PREFERS_STRING_CATALOGS = YES;
				MACOSX_DEPLOYMENT_TARGET = 14.5;
				MTL_ENABLE_DEBUG_INFO = INCLUDE_SOURCE;
				MTL_FAST_MATH = YES;
				ONLY_ACTIVE_ARCH = YES;
				SDKROOT = macosx;
			};
			name = Debug;
		};
		677F01B12C76F17B00366811 /* Release */ = {
			isa = XCBuildConfiguration;
			buildSettings = {
				ALWAYS_SEARCH_USER_PATHS = NO;
				ASSETCATALOG_COMPILER_GENERATE_SWIFT_ASSET_SYMBOL_EXTENSIONS = YES;
				CLANG_ANALYZER_NONNULL = YES;
				CLANG_ANALYZER_NUMBER_OBJECT_CONVERSION = YES_AGGRESSIVE;
				CLANG_CXX_LANGUAGE_STANDARD = "gnu++20";
				CLANG_ENABLE_MODULES = YES;
				CLANG_ENABLE_OBJC_ARC = YES;
				CLANG_ENABLE_OBJC_WEAK = YES;
				CLANG_WARN_BLOCK_CAPTURE_AUTORELEASING = YES;
				CLANG_WARN_BOOL_CONVERSION = YES;
				CLANG_WARN_COMMA = YES;
				CLANG_WARN_CONSTANT_CONVERSION = YES;
				CLANG_WARN_DEPRECATED_OBJC_IMPLEMENTATIONS = YES;
				CLANG_WARN_DIRECT_OBJC_ISA_USAGE = YES_ERROR;
				CLANG_WARN_DOCUMENTATION_COMMENTS = YES;
				CLANG_WARN_EMPTY_BODY = YES;
				CLANG_WARN_ENUM_CONVERSION = YES;
				CLANG_WARN_INFINITE_RECURSION = YES;
				CLANG_WARN_INT_CONVERSION = YES;
				CLANG_WARN_NON_LITERAL_NULL_CONVERSION = YES;
				CLANG_WARN_OBJC_IMPLICIT_RETAIN_SELF = YES;
				CLANG_WARN_OBJC_LITERAL_CONVERSION = YES;
				CLANG_WARN_OBJC_ROOT_CLASS = YES_ERROR;
				CLANG_WARN_QUOTED_INCLUDE_IN_FRAMEWORK_HEADER = YES;
				CLANG_WARN_RANGE_LOOP_ANALYSIS = YES;
				CLANG_WARN_STRICT_PROTOTYPES = YES;
				CLANG_WARN_SUSPICIOUS_MOVE = YES;
				CLANG_WARN_UNGUARDED_AVAILABILITY = YES_AGGRESSIVE;
				CLANG_WARN_UNREACHABLE_CODE = YES;
				CLANG_WARN__DUPLICATE_METHOD_MATCH = YES;
				COPY_PHASE_STRIP = NO;
				DEBUG_INFORMATION_FORMAT = "dwarf-with-dsym";
				ENABLE_NS_ASSERTIONS = NO;
				ENABLE_STRICT_OBJC_MSGSEND = YES;
				ENABLE_USER_SCRIPT_SANDBOXING = YES;
				GCC_C_LANGUAGE_STANDARD = gnu17;
				GCC_NO_COMMON_BLOCKS = YES;
				GCC_WARN_64_TO_32_BIT_CONVERSION = YES;
				GCC_WARN_ABOUT_RETURN_TYPE = YES_ERROR;
				GCC_WARN_UNDECLARED_SELECTOR = YES;
				GCC_WARN_UNINITIALIZED_AUTOS = YES_AGGRESSIVE;
				GCC_WARN_UNUSED_FUNCTION = YES;
				GCC_WARN_UNUSED_VARIABLE = YES;
				LOCALIZATION_PREFERS_STRING_CATALOGS = YES;
				MACOSX_DEPLOYMENT_TARGET = 14.5;
				MTL_ENABLE_DEBUG_INFO = NO;
				MTL_FAST_MATH = YES;
				SDKROOT = macosx;
			};
			name = Release;
		};
		677F01B32C76F17B00366811 /* Debug */ = {
			isa = XCBuildConfiguration;
			buildSettings = {
				CODE_SIGN_STYLE = Automatic;
				PRODUCT_NAME = "$(TARGET_NAME)";
			};
			name = Debug;
		};
		677F01B42C76F17B00366811 /* Release */ = {
			isa = XCBuildConfiguration;
			buildSettings = {
				CODE_SIGN_STYLE = Automatic;
				PRODUCT_NAME = "$(TARGET_NAME)";
			};
			name = Release;
		};
/* End XCBuildConfiguration section */

/* Begin XCConfigurationList section */
		677F01A62C76F17B00366811 /* Build configuration list for PBXProject "sortNumbers" */ = {
			isa = XCConfigurationList;
			buildConfigurations = (
				677F01B02C76F17B00366811 /* Debug */,
				677F01B12C76F17B00366811 /* Release */,
			);
			defaultConfigurationIsVisible = 0;
			defaultConfigurationName = Release;
		};
		677F01B22C76F17B00366811 /* Build configuration list for PBXNativeTarget "sortNumbers" */ = {
			isa = XCConfigurationList;
			buildConfigurations = (
				677F01B32C76F17B00366811 /* Debug */,
				677F01B42C76F17B00366811 /* Release */,
			);
			defaultConfigurationIsVisible = 0;
			defaultConfigurationName = Release;
		};
/* End XCConfigurationList section */
	};
	rootObject = 677F01A32C76F17B00366811 /* Project object */;
}
